// !$*UTF8*$!
{
	archiveVersion = 1;
	classes = {
	};
	objectVersion = 48;
	objects = {

/* Begin PBXBuildFile section */
		044523B92096DA230098BB63 /* NewsTableViewCell.swift in Sources */ = {isa = PBXBuildFile; fileRef = 044523B82096DA230098BB63 /* NewsTableViewCell.swift */; };
		044523BD2096F7CE0098BB63 /* NewsAPI.swift in Sources */ = {isa = PBXBuildFile; fileRef = 044523BC2096F7CE0098BB63 /* NewsAPI.swift */; };
		044523C0209708CF0098BB63 /* NewsResponse.swift in Sources */ = {isa = PBXBuildFile; fileRef = 044523BF209708CF0098BB63 /* NewsResponse.swift */; };
		045DE81E209219C1000CFE41 /* NewsTableViewController.swift in Sources */ = {isa = PBXBuildFile; fileRef = 045DE81D209219C1000CFE41 /* NewsTableViewController.swift */; };
		04B186B4208E1EE700CB5A2F /* AppDelegate.swift in Sources */ = {isa = PBXBuildFile; fileRef = 04B186B3208E1EE700CB5A2F /* AppDelegate.swift */; };
		04B186B6208E1EE700CB5A2F /* DetailedNewsViewController.swift in Sources */ = {isa = PBXBuildFile; fileRef = 04B186B5208E1EE700CB5A2F /* DetailedNewsViewController.swift */; };
		04B186B9208E1EE700CB5A2F /* Main.storyboard in Resources */ = {isa = PBXBuildFile; fileRef = 04B186B7208E1EE700CB5A2F /* Main.storyboard */; };
		04B186BB208E1EE700CB5A2F /* Assets.xcassets in Resources */ = {isa = PBXBuildFile; fileRef = 04B186BA208E1EE700CB5A2F /* Assets.xcassets */; };
		04B186BE208E1EE700CB5A2F /* LaunchScreen.storyboard in Resources */ = {isa = PBXBuildFile; fileRef = 04B186BC208E1EE700CB5A2F /* LaunchScreen.storyboard */; };
		29128DA5D8A45E427616610D /* Pods_NewsSample.framework in Frameworks */ = {isa = PBXBuildFile; fileRef = 5BCB849A0DAE9170AE0F3C3D /* Pods_NewsSample.framework */; };
/* End PBXBuildFile section */

/* Begin PBXFileReference section */
		044523B82096DA230098BB63 /* NewsTableViewCell.swift */ = {isa = PBXFileReference; lastKnownFileType = sourcecode.swift; path = NewsTableViewCell.swift; sourceTree = "<group>"; };
		044523BC2096F7CE0098BB63 /* NewsAPI.swift */ = {isa = PBXFileReference; lastKnownFileType = sourcecode.swift; name = NewsAPI.swift; path = ../../../../../../../../Documents/NewsAPI.swift; sourceTree = "<group>"; };
		044523BF209708CF0098BB63 /* NewsResponse.swift */ = {isa = PBXFileReference; lastKnownFileType = sourcecode.swift; name = NewsResponse.swift; path = ../../../../../../../../Documents/NewsResponse.swift; sourceTree = "<group>"; };
		045DE81D209219C1000CFE41 /* NewsTableViewController.swift */ = {isa = PBXFileReference; lastKnownFileType = sourcecode.swift; path = NewsTableViewController.swift; sourceTree = "<group>"; };
		04B186B0208E1EE700CB5A2F /* NewsSample.app */ = {isa = PBXFileReference; explicitFileType = wrapper.application; includeInIndex = 0; path = NewsSample.app; sourceTree = BUILT_PRODUCTS_DIR; };
		04B186B3208E1EE700CB5A2F /* AppDelegate.swift */ = {isa = PBXFileReference; lastKnownFileType = sourcecode.swift; path = AppDelegate.swift; sourceTree = "<group>"; };
		04B186B5208E1EE700CB5A2F /* DetailedNewsViewController.swift */ = {isa = PBXFileReference; lastKnownFileType = sourcecode.swift; path = DetailedNewsViewController.swift; sourceTree = "<group>"; };
		04B186B8208E1EE700CB5A2F /* Base */ = {isa = PBXFileReference; lastKnownFileType = file.storyboard; name = Base; path = Base.lproj/Main.storyboard; sourceTree = "<group>"; };
		04B186BA208E1EE700CB5A2F /* Assets.xcassets */ = {isa = PBXFileReference; lastKnownFileType = folder.assetcatalog; path = Assets.xcassets; sourceTree = "<group>"; };
		04B186BD208E1EE700CB5A2F /* Base */ = {isa = PBXFileReference; lastKnownFileType = file.storyboard; name = Base; path = Base.lproj/LaunchScreen.storyboard; sourceTree = "<group>"; };
		04B186BF208E1EE700CB5A2F /* Info.plist */ = {isa = PBXFileReference; lastKnownFileType = text.plist.xml; path = Info.plist; sourceTree = "<group>"; };
		4079D2FABFAB5879CB0A65B9 /* Pods-NewsSample.release.xcconfig */ = {isa = PBXFileReference; includeInIndex = 1; lastKnownFileType = text.xcconfig; name = "Pods-NewsSample.release.xcconfig"; path = "Pods/Target Support Files/Pods-NewsSample/Pods-NewsSample.release.xcconfig"; sourceTree = "<group>"; };
		5BCB849A0DAE9170AE0F3C3D /* Pods_NewsSample.framework */ = {isa = PBXFileReference; explicitFileType = wrapper.framework; includeInIndex = 0; path = Pods_NewsSample.framework; sourceTree = BUILT_PRODUCTS_DIR; };
		B42D7CAEBE9CD85BD18011D6 /* Pods-NewsSample.debug.xcconfig */ = {isa = PBXFileReference; includeInIndex = 1; lastKnownFileType = text.xcconfig; name = "Pods-NewsSample.debug.xcconfig"; path = "Pods/Target Support Files/Pods-NewsSample/Pods-NewsSample.debug.xcconfig"; sourceTree = "<group>"; };
/* End PBXFileReference section */

/* Begin PBXFrameworksBuildPhase section */
		04B186AD208E1EE700CB5A2F /* Frameworks */ = {
			isa = PBXFrameworksBuildPhase;
			buildActionMask = 2147483647;
			files = (
				29128DA5D8A45E427616610D /* Pods_NewsSample.framework in Frameworks */,
			);
			runOnlyForDeploymentPostprocessing = 0;
		};
/* End PBXFrameworksBuildPhase section */

/* Begin PBXGroup section */
		044523BA2096F79B0098BB63 /* Network */ = {
			isa = PBXGroup;
			children = (
				044523BE209708B90098BB63 /* Dto */,
				044523BB2096F7A60098BB63 /* Api */,
			);
			path = Network;
			sourceTree = "<group>";
		};
		044523BB2096F7A60098BB63 /* Api */ = {
			isa = PBXGroup;
			children = (
				044523BC2096F7CE0098BB63 /* NewsAPI.swift */,
			);
			path = Api;
			sourceTree = "<group>";
		};
		044523BE209708B90098BB63 /* Dto */ = {
			isa = PBXGroup;
			children = (
				044523BF209708CF0098BB63 /* NewsResponse.swift */,
			);
			path = Dto;
			sourceTree = "<group>";
		};
		044523C3209771B80098BB63 /* Ui */ = {
			isa = PBXGroup;
			children = (
				04B186B5208E1EE700CB5A2F /* DetailedNewsViewController.swift */,
				045DE81D209219C1000CFE41 /* NewsTableViewController.swift */,
				044523B82096DA230098BB63 /* NewsTableViewCell.swift */,
			);
			path = Ui;
			sourceTree = "<group>";
		};
		045CBF442096C75500DA633C /* Supporting Files */ = {
			isa = PBXGroup;
			children = (
				045CBF452096C76F00DA633C /* Resource */,
			);
			path = "Supporting Files";
			sourceTree = "<group>";
		};
		045CBF452096C76F00DA633C /* Resource */ = {
			isa = PBXGroup;
			children = (
			);
			path = Resource;
			sourceTree = "<group>";
		};
		04B186A7208E1EE700CB5A2F = {
			isa = PBXGroup;
			children = (
				045CBF442096C75500DA633C /* Supporting Files */,
				04B186B2208E1EE700CB5A2F /* NewsSample */,
				04B186B1208E1EE700CB5A2F /* Products */,
				61B6346F3D8260458CCB47DE /* Pods */,
				49846332824880662EDD5F9C /* Frameworks */,
			);
			sourceTree = "<group>";
		};
		04B186B1208E1EE700CB5A2F /* Products */ = {
			isa = PBXGroup;
			children = (
				04B186B0208E1EE700CB5A2F /* NewsSample.app */,
			);
			name = Products;
			sourceTree = "<group>";
		};
		04B186B2208E1EE700CB5A2F /* NewsSample */ = {
			isa = PBXGroup;
			children = (
				044523C3209771B80098BB63 /* Ui */,
				044523BA2096F79B0098BB63 /* Network */,
				04B186B3208E1EE700CB5A2F /* AppDelegate.swift */,
				04B186B7208E1EE700CB5A2F /* Main.storyboard */,
				04B186BA208E1EE700CB5A2F /* Assets.xcassets */,
				04B186BC208E1EE700CB5A2F /* LaunchScreen.storyboard */,
				04B186BF208E1EE700CB5A2F /* Info.plist */,
			);
			path = NewsSample;
			sourceTree = "<group>";
		};
		49846332824880662EDD5F9C /* Frameworks */ = {
			isa = PBXGroup;
			children = (
				5BCB849A0DAE9170AE0F3C3D /* Pods_NewsSample.framework */,
			);
			name = Frameworks;
			sourceTree = "<group>";
		};
		61B6346F3D8260458CCB47DE /* Pods */ = {
			isa = PBXGroup;
			children = (
				B42D7CAEBE9CD85BD18011D6 /* Pods-NewsSample.debug.xcconfig */,
				4079D2FABFAB5879CB0A65B9 /* Pods-NewsSample.release.xcconfig */,
			);
			name = Pods;
			sourceTree = "<group>";
		};
/* End PBXGroup section */

/* Begin PBXNativeTarget section */
		04B186AF208E1EE700CB5A2F /* NewsSample */ = {
			isa = PBXNativeTarget;
			buildConfigurationList = 04B186C2208E1EE700CB5A2F /* Build configuration list for PBXNativeTarget "NewsSample" */;
			buildPhases = (
				29FB630C2E465DE9075F4F4F /* [CP] Check Pods Manifest.lock */,
				04B186AC208E1EE700CB5A2F /* Sources */,
				04B186AD208E1EE700CB5A2F /* Frameworks */,
				04B186AE208E1EE700CB5A2F /* Resources */,
				E04BC7F318CF1750B933D8D3 /* [CP] Embed Pods Frameworks */,
			);
			buildRules = (
			);
			dependencies = (
			);
			name = NewsSample;
			productName = NewsSample;
			productReference = 04B186B0208E1EE700CB5A2F /* NewsSample.app */;
			productType = "com.apple.product-type.application";
		};
/* End PBXNativeTarget section */

/* Begin PBXProject section */
		04B186A8208E1EE700CB5A2F /* Project object */ = {
			isa = PBXProject;
			attributes = {
				LastSwiftUpdateCheck = 0920;
				LastUpgradeCheck = 0920;
				ORGANIZATIONNAME = StudioKJ;
				TargetAttributes = {
					04B186AF208E1EE700CB5A2F = {
						CreatedOnToolsVersion = 9.2;
						ProvisioningStyle = Automatic;
					};
				};
			};
			buildConfigurationList = 04B186AB208E1EE700CB5A2F /* Build configuration list for PBXProject "NewsSample" */;
			compatibilityVersion = "Xcode 8.0";
			developmentRegion = en;
			hasScannedForEncodings = 0;
			knownRegions = (
				en,
				Base,
			);
			mainGroup = 04B186A7208E1EE700CB5A2F;
			productRefGroup = 04B186B1208E1EE700CB5A2F /* Products */;
			projectDirPath = "";
			projectRoot = "";
			targets = (
				04B186AF208E1EE700CB5A2F /* NewsSample */,
			);
		};
/* End PBXProject section */

/* Begin PBXResourcesBuildPhase section */
		04B186AE208E1EE700CB5A2F /* Resources */ = {
			isa = PBXResourcesBuildPhase;
			buildActionMask = 2147483647;
			files = (
				04B186BE208E1EE700CB5A2F /* LaunchScreen.storyboard in Resources */,
				04B186BB208E1EE700CB5A2F /* Assets.xcassets in Resources */,
				04B186B9208E1EE700CB5A2F /* Main.storyboard in Resources */,
			);
			runOnlyForDeploymentPostprocessing = 0;
		};
/* End PBXResourcesBuildPhase section */

/* Begin PBXShellScriptBuildPhase section */
		29FB630C2E465DE9075F4F4F /* [CP] Check Pods Manifest.lock */ = {
			isa = PBXShellScriptBuildPhase;
			buildActionMask = 2147483647;
			files = (
			);
			inputPaths = (
				"${PODS_PODFILE_DIR_PATH}/Podfile.lock",
				"${PODS_ROOT}/Manifest.lock",
			);
			name = "[CP] Check Pods Manifest.lock";
			outputPaths = (
				"$(DERIVED_FILE_DIR)/Pods-NewsSample-checkManifestLockResult.txt",
			);
			runOnlyForDeploymentPostprocessing = 0;
			shellPath = /bin/sh;
			shellScript = "diff \"${PODS_PODFILE_DIR_PATH}/Podfile.lock\" \"${PODS_ROOT}/Manifest.lock\" > /dev/null\nif [ $? != 0 ] ; then\n    # print error to STDERR\n    echo \"error: The sandbox is not in sync with the Podfile.lock. Run 'pod install' or update your CocoaPods installation.\" >&2\n    exit 1\nfi\n# This output is used by Xcode 'outputs' to avoid re-running this script phase.\necho \"SUCCESS\" > \"${SCRIPT_OUTPUT_FILE_0}\"\n";
			showEnvVarsInLog = 0;
		};
		E04BC7F318CF1750B933D8D3 /* [CP] Embed Pods Frameworks */ = {
			isa = PBXShellScriptBuildPhase;
			buildActionMask = 2147483647;
			files = (
			);
			inputPaths = (
				"${SRCROOT}/Pods/Target Support Files/Pods-NewsSample/Pods-NewsSample-frameworks.sh",
				"${BUILT_PRODUCTS_DIR}/Alamofire/Alamofire.framework",
				"${BUILT_PRODUCTS_DIR}/Kingfisher/Kingfisher.framework",
				"${BUILT_PRODUCTS_DIR}/Moya/Moya.framework",
				"${BUILT_PRODUCTS_DIR}/ObjcExceptionBridging/ObjcExceptionBridging.framework",
				"${BUILT_PRODUCTS_DIR}/Result/Result.framework",
				"${BUILT_PRODUCTS_DIR}/RxSwift/RxSwift.framework",
				"${BUILT_PRODUCTS_DIR}/XCGLogger/XCGLogger.framework",
			);
			name = "[CP] Embed Pods Frameworks";
			outputPaths = (
				"${TARGET_BUILD_DIR}/${FRAMEWORKS_FOLDER_PATH}/Alamofire.framework",
				"${TARGET_BUILD_DIR}/${FRAMEWORKS_FOLDER_PATH}/Kingfisher.framework",
				"${TARGET_BUILD_DIR}/${FRAMEWORKS_FOLDER_PATH}/Moya.framework",
				"${TARGET_BUILD_DIR}/${FRAMEWORKS_FOLDER_PATH}/ObjcExceptionBridging.framework",
				"${TARGET_BUILD_DIR}/${FRAMEWORKS_FOLDER_PATH}/Result.framework",
				"${TARGET_BUILD_DIR}/${FRAMEWORKS_FOLDER_PATH}/RxSwift.framework",
				"${TARGET_BUILD_DIR}/${FRAMEWORKS_FOLDER_PATH}/XCGLogger.framework",
			);
			runOnlyForDeploymentPostprocessing = 0;
			shellPath = /bin/sh;
			shellScript = "\"${SRCROOT}/Pods/Target Support Files/Pods-NewsSample/Pods-NewsSample-frameworks.sh\"\n";
			showEnvVarsInLog = 0;
		};
/* End PBXShellScriptBuildPhase section */

/* Begin PBXSourcesBuildPhase section */
		04B186AC208E1EE700CB5A2F /* Sources */ = {
			isa = PBXSourcesBuildPhase;
			buildActionMask = 2147483647;
			files = (
				04B186B6208E1EE700CB5A2F /* DetailedNewsViewController.swift in Sources */,
				04B186B4208E1EE700CB5A2F /* AppDelegate.swift in Sources */,
				044523B92096DA230098BB63 /* NewsTableViewCell.swift in Sources */,
				044523BD2096F7CE0098BB63 /* NewsAPI.swift in Sources */,
				045DE81E209219C1000CFE41 /* NewsTableViewController.swift in Sources */,
				044523C0209708CF0098BB63 /* NewsResponse.swift in Sources */,
			);
			runOnlyForDeploymentPostprocessing = 0;
		};
/* End PBXSourcesBuildPhase section */

/* Begin PBXVariantGroup section */
		04B186B7208E1EE700CB5A2F /* Main.storyboard */ = {
			isa = PBXVariantGroup;
			children = (
				04B186B8208E1EE700CB5A2F /* Base */,
			);
			name = Main.storyboard;
			sourceTree = "<group>";
		};
		04B186BC208E1EE700CB5A2F /* LaunchScreen.storyboard */ = {
			isa = PBXVariantGroup;
			children = (
				04B186BD208E1EE700CB5A2F /* Base */,
			);
			name = LaunchScreen.storyboard;
			sourceTree = "<group>";
		};
/* End PBXVariantGroup section */

/* Begin XCBuildConfiguration section */
		04B186C0208E1EE700CB5A2F /* Debug */ = {
			isa = XCBuildConfiguration;
			buildSettings = {
				ALWAYS_SEARCH_USER_PATHS = NO;
				CLANG_ANALYZER_NONNULL = YES;
				CLANG_ANALYZER_NUMBER_OBJECT_CONVERSION = YES_AGGRESSIVE;
				CLANG_CXX_LANGUAGE_STANDARD = "gnu++14";
				CLANG_CXX_LIBRARY = "libc++";
				CLANG_ENABLE_MODULES = YES;
				CLANG_ENABLE_OBJC_ARC = YES;
				CLANG_WARN_BLOCK_CAPTURE_AUTORELEASING = YES;
				CLANG_WARN_BOOL_CONVERSION = YES;
				CLANG_WARN_COMMA = YES;
				CLANG_WARN_CONSTANT_CONVERSION = YES;
				CLANG_WARN_DIRECT_OBJC_ISA_USAGE = YES_ERROR;
				CLANG_WARN_DOCUMENTATION_COMMENTS = YES;
				CLANG_WARN_EMPTY_BODY = YES;
				CLANG_WARN_ENUM_CONVERSION = YES;
				CLANG_WARN_INFINITE_RECURSION = YES;
				CLANG_WARN_INT_CONVERSION = YES;
				CLANG_WARN_NON_LITERAL_NULL_CONVERSION = YES;
				CLANG_WARN_OBJC_LITERAL_CONVERSION = YES;
				CLANG_WARN_OBJC_ROOT_CLASS = YES_ERROR;
				CLANG_WARN_RANGE_LOOP_ANALYSIS = YES;
				CLANG_WARN_STRICT_PROTOTYPES = YES;
				CLANG_WARN_SUSPICIOUS_MOVE = YES;
				CLANG_WARN_UNGUARDED_AVAILABILITY = YES_AGGRESSIVE;
				CLANG_WARN_UNREACHABLE_CODE = YES;
				CLANG_WARN__DUPLICATE_METHOD_MATCH = YES;
				CODE_SIGN_IDENTITY = "iPhone Developer";
				COPY_PHASE_STRIP = NO;
				DEBUG_INFORMATION_FORMAT = dwarf;
				ENABLE_STRICT_OBJC_MSGSEND = YES;
				ENABLE_TESTABILITY = YES;
				GCC_C_LANGUAGE_STANDARD = gnu11;
				GCC_DYNAMIC_NO_PIC = NO;
				GCC_NO_COMMON_BLOCKS = YES;
				GCC_OPTIMIZATION_LEVEL = 0;
				GCC_PREPROCESSOR_DEFINITIONS = (
					"DEBUG=1",
					"$(inherited)",
				);
				GCC_WARN_64_TO_32_BIT_CONVERSION = YES;
				GCC_WARN_ABOUT_RETURN_TYPE = YES_ERROR;
				GCC_WARN_UNDECLARED_SELECTOR = YES;
				GCC_WARN_UNINITIALIZED_AUTOS = YES_AGGRESSIVE;
				GCC_WARN_UNUSED_FUNCTION = YES;
				GCC_WARN_UNUSED_VARIABLE = YES;
				IPHONEOS_DEPLOYMENT_TARGET = 10.0;
				MTL_ENABLE_DEBUG_INFO = YES;
				ONLY_ACTIVE_ARCH = YES;
				SDKROOT = iphoneos;
				SWIFT_ACTIVE_COMPILATION_CONDITIONS = DEBUG;
				SWIFT_OPTIMIZATION_LEVEL = "-Onone";
			};
			name = Debug;
		};
		04B186C1208E1EE700CB5A2F /* Release */ = {
			isa = XCBuildConfiguration;
			buildSettings = {
				ALWAYS_SEARCH_USER_PATHS = NO;
				CLANG_ANALYZER_NONNULL = YES;
				CLANG_ANALYZER_NUMBER_OBJECT_CONVERSION = YES_AGGRESSIVE;
				CLANG_CXX_LANGUAGE_STANDARD = "gnu++14";
				CLANG_CXX_LIBRARY = "libc++";
				CLANG_ENABLE_MODULES = YES;
				CLANG_ENABLE_OBJC_ARC = YES;
				CLANG_WARN_BLOCK_CAPTURE_AUTORELEASING = YES;
				CLANG_WARN_BOOL_CONVERSION = YES;
				CLANG_WARN_COMMA = YES;
				CLANG_WARN_CONSTANT_CONVERSION = YES;
				CLANG_WARN_DIRECT_OBJC_ISA_USAGE = YES_ERROR;
				CLANG_WARN_DOCUMENTATION_COMMENTS = YES;
				CLANG_WARN_EMPTY_BODY = YES;
				CLANG_WARN_ENUM_CONVERSION = YES;
				CLANG_WARN_INFINITE_RECURSION = YES;
				CLANG_WARN_INT_CONVERSION = YES;
				CLANG_WARN_NON_LITERAL_NULL_CONVERSION = YES;
				CLANG_WARN_OBJC_LITERAL_CONVERSION = YES;
				CLANG_WARN_OBJC_ROOT_CLASS = YES_ERROR;
				CLANG_WARN_RANGE_LOOP_ANALYSIS = YES;
				CLANG_WARN_STRICT_PROTOTYPES = YES;
				CLANG_WARN_SUSPICIOUS_MOVE = YES;
				CLANG_WARN_UNGUARDED_AVAILABILITY = YES_AGGRESSIVE;
				CLANG_WARN_UNREACHABLE_CODE = YES;
				CLANG_WARN__DUPLICATE_METHOD_MATCH = YES;
				CODE_SIGN_IDENTITY = "iPhone Developer";
				COPY_PHASE_STRIP = NO;
				DEBUG_INFORMATION_FORMAT = "dwarf-with-dsym";
				ENABLE_NS_ASSERTIONS = NO;
				ENABLE_STRICT_OBJC_MSGSEND = YES;
				GCC_C_LANGUAGE_STANDARD = gnu11;
				GCC_NO_COMMON_BLOCKS = YES;
				GCC_WARN_64_TO_32_BIT_CONVERSION = YES;
				GCC_WARN_ABOUT_RETURN_TYPE = YES_ERROR;
				GCC_WARN_UNDECLARED_SELECTOR = YES;
				GCC_WARN_UNINITIALIZED_AUTOS = YES_AGGRESSIVE;
				GCC_WARN_UNUSED_FUNCTION = YES;
				GCC_WARN_UNUSED_VARIABLE = YES;
				IPHONEOS_DEPLOYMENT_TARGET = 10.0;
				MTL_ENABLE_DEBUG_INFO = NO;
				SDKROOT = iphoneos;
				SWIFT_OPTIMIZATION_LEVEL = "-Owholemodule";
				VALIDATE_PRODUCT = YES;
			};
			name = Release;
		};
		04B186C3208E1EE700CB5A2F /* Debug */ = {
			isa = XCBuildConfiguration;
			baseConfigurationReference = B42D7CAEBE9CD85BD18011D6 /* Pods-NewsSample.debug.xcconfig */;
			buildSettings = {
				ASSETCATALOG_COMPILER_APPICON_NAME = AppIcon;
				CODE_SIGN_STYLE = Automatic;
				DEVELOPMENT_TEAM = H3B8S2T4E6;
				INFOPLIST_FILE = NewsSample/Info.plist;
				IPHONEOS_DEPLOYMENT_TARGET = 10.0;
				LD_RUNPATH_SEARCH_PATHS = "$(inherited) @executable_path/Frameworks";
				PRODUCT_BUNDLE_IDENTIFIER = com.hansol.kj84.NewsSample.NewsSample;
				PRODUCT_NAME = "$(TARGET_NAME)";
				SWIFT_VERSION = 4.0;
				TARGETED_DEVICE_FAMILY = "1,2";
			};
			name = Debug;
		};
		04B186C4208E1EE700CB5A2F /* Release */ = {
			isa = XCBuildConfiguration;
			baseConfigurationReference = 4079D2FABFAB5879CB0A65B9 /* Pods-NewsSample.release.xcconfig */;
			buildSettings = {
				ASSETCATALOG_COMPILER_APPICON_NAME = AppIcon;
				CODE_SIGN_STYLE = Automatic;
				DEVELOPMENT_TEAM = H3B8S2T4E6;
				INFOPLIST_FILE = NewsSample/Info.plist;
				IPHONEOS_DEPLOYMENT_TARGET = 10.0;
				LD_RUNPATH_SEARCH_PATHS = "$(inherited) @executable_path/Frameworks";
				PRODUCT_BUNDLE_IDENTIFIER = com.hansol.kj84.NewsSample.NewsSample;
				PRODUCT_NAME = "$(TARGET_NAME)";
				SWIFT_VERSION = 4.0;
				TARGETED_DEVICE_FAMILY = "1,2";
			};
			name = Release;
		};
/* End XCBuildConfiguration section */

/* Begin XCConfigurationList section */
		04B186AB208E1EE700CB5A2F /* Build configuration list for PBXProject "NewsSample" */ = {
			isa = XCConfigurationList;
			buildConfigurations = (
				04B186C0208E1EE700CB5A2F /* Debug */,
				04B186C1208E1EE700CB5A2F /* Release */,
			);
			defaultConfigurationIsVisible = 0;
			defaultConfigurationName = Release;
		};
		04B186C2208E1EE700CB5A2F /* Build configuration list for PBXNativeTarget "NewsSample" */ = {
			isa = XCConfigurationList;
			buildConfigurations = (
				04B186C3208E1EE700CB5A2F /* Debug */,
				04B186C4208E1EE700CB5A2F /* Release */,
			);
			defaultConfigurationIsVisible = 0;
			defaultConfigurationName = Release;
		};
/* End XCConfigurationList section */
	};
	rootObject = 04B186A8208E1EE700CB5A2F /* Project object */;
}
